
Microsoft Visual Studio Solution File, Format Version 12.00
# Visual Studio Version 16
VisualStudioVersion = 16.0.31424.327
MinimumVisualStudioVersion = 10.0.40219.1
Project("{FAE04EC0-301F-11D3-BF4B-00C04F79EFBC}") = "AzDoc", "AzDoc\AzDoc.csproj", "{0F7E111D-3803-4C72-BBCC-A9E98612F4E1}"
EndProject
Project("{2150E333-8FDC-42A3-9474-1A3956D46DE8}") = "Library", "Library", "{24B96B1E-855A-4026-B8C1-5BFD508F74C8}"
EndProject
Project("{FAE04EC0-301F-11D3-BF4B-00C04F79EFBC}") = "BLL", "BLL\BLL.csproj", "{AA74C4DD-2F79-4326-BE80-D126871ACA12}"
EndProject
Project("{FAE04EC0-301F-11D3-BF4B-00C04F79EFBC}") = "Repository", "Repository\Repository.csproj", "{56709464-10F3-4C3D-81C8-D7B1C3023183}"
EndProject
Project("{FAE04EC0-301F-11D3-BF4B-00C04F79EFBC}") = "Model", "Model\Model.csproj", "{4BA0C8D0-4877-4AE6-B222-D52026000B59}"
EndProject
Project("{FAE04EC0-301F-11D3-BF4B-00C04F79EFBC}") = "CustomHelpers", "CustomHelpers\CustomHelpers.csproj", "{7B2A824E-461E-4CDC-A6FC-749D6650EA58}"
EndProject
Project("{FAE04EC0-301F-11D3-BF4B-00C04F79EFBC}") = "DataCache", "DataCache\DataCache.csproj", "{A9A71371-1BE0-4E12-A6EF-4A5F5B4E490F}"
EndProject
Project("{FAE04EC0-301F-11D3-BF4B-00C04F79EFBC}") = "InsDoc", "InsDoc\InsDoc.csproj", "{C2A0004B-78FC-4824-BBA4-253C8C014D83}"
EndProject
Project("{FAE04EC0-301F-11D3-BF4B-00C04F79EFBC}") = "Widgets", "Widgets\Widgets.csproj", "{5A7FF3AD-CDB8-4275-BA02-330E4376CCEC}"
EndProject
Project("{FAE04EC0-301F-11D3-BF4B-00C04F79EFBC}") = "ORM", "ORM\ORM.csproj", "{D75D4C06-C13C-419C-B2D8-2466F357201D}"
EndProject
Project("{FAE04EC0-301F-11D3-BF4B-00C04F79EFBC}") = "OrgRequests", "OrgRequests\OrgRequests.csproj", "{B090EBE0-6CA6-453F-B176-935F68340B80}"
EndProject
Project("{FAE04EC0-301F-11D3-BF4B-00C04F79EFBC}") = "LogHelpers", "LogHelpers\LogHelpers.csproj", "{C311C9B9-F9FA-4437-A798-EC11AC528DFC}"
EndProject
Project("{FAE04EC0-301F-11D3-BF4B-00C04F79EFBC}") = "CitizenRequests", "CitizenRequests\CitizenRequests.csproj", "{2898B1F7-77B0-420E-8A11-BEC96322511E}"
EndProject
Project("{FAE04EC0-301F-11D3-BF4B-00C04F79EFBC}") = "ServiceLetters", "ServiceLetters\ServiceLetters.csproj", "{264BCCF5-5ECF-4AAA-9ED3-74B7CE4D8AC3}"
EndProject
Project("{FAE04EC0-301F-11D3-BF4B-00C04F79EFBC}") = "OutgoingDoc", "OutgoingDoc\OutgoingDoc.csproj", "{EFC159B6-7BDA-4604-9FFF-BD48FFEE4BB1}"
EndProject
Project("{FAE04EC0-301F-11D3-BF4B-00C04F79EFBC}") = "Smdo", "Smdo\Smdo.csproj", "{4F7A4BB0-3E66-487D-B913-812F0509D226}"
EndProject
Project("{FAE04EC0-301F-11D3-BF4B-00C04F79EFBC}") = "Admin", "Admin\Admin.csproj", "{BC3A6214-0973-4A13-8297-2A03A887602A}"
EndProject
Project("{FAE04EC0-301F-11D3-BF4B-00C04F79EFBC}") = "Journal", "Journal\Journal.csproj", "{F0F88933-FB06-45A3-91CE-A70FE9A0D48D}"
EndProject
Project("{2150E333-8FDC-42A3-9474-1A3956D46DE8}") = "DocHelpers", "DocHelpers", "{BAE0461F-F1ED-4BEA-AEA7-0FC403FBC484}"
EndProject
Project("{FAE04EC0-301F-11D3-BF4B-00C04F79EFBC}") = "DocFileHelper", "DocFileHelper\DocFileHelper.csproj", "{767EDC08-9332-4AD3-B38D-438C34584561}"
EndProject
Project("{FAE04EC0-301F-11D3-BF4B-00C04F79EFBC}") = "AppCore", "AppCore\AppCore.csproj", "{4135B056-A5AE-454B-9784-8C2D5FD6F64F}"
EndProject
Project("{FAE04EC0-301F-11D3-BF4B-00C04F79EFBC}") = "ReserveDocs", "ReserveDocs\ReserveDocs.csproj", "{1EDC2E9A-C31A-4271-B9F5-6F3073D574B8}"
EndProject
Project("{FAE04EC0-301F-11D3-BF4B-00C04F79EFBC}") = "DocHelperApi", "DocHelperApi\DocHelperApi.csproj", "{9A5DE870-DFC9-4ED9-96FD-D6F45D19A831}"
EndProject
Project("{FAE04EC0-301F-11D3-BF4B-00C04F79EFBC}") = "ColleagueRequests", "ColleagueRequests\ColleagueRequests.csproj", "{BC9ADB7E-CAE6-42CB-B918-9D8E8A195818}"
EndProject
Global
	GlobalSection(SolutionConfigurationPlatforms) = preSolution
		Debug|Any CPU = Debug|Any CPU
		PreProRytn|Any CPU = PreProRytn|Any CPU
		Release|Any CPU = Release|Any CPU
		TestRytn|Any CPU = TestRytn|Any CPU
	EndGlobalSection
	GlobalSection(ProjectConfigurationPlatforms) = postSolution
		{0F7E111D-3803-4C72-BBCC-A9E98612F4E1}.Debug|Any CPU.ActiveCfg = Debug|Any CPU
		{0F7E111D-3803-4C72-BBCC-A9E98612F4E1}.Debug|Any CPU.Build.0 = Debug|Any CPU
		{0F7E111D-3803-4C72-BBCC-A9E98612F4E1}.PreProRytn|Any CPU.ActiveCfg = Release|Any CPU
		{0F7E111D-3803-4C72-BBCC-A9E98612F4E1}.PreProRytn|Any CPU.Build.0 = Release|Any CPU
		{0F7E111D-3803-4C72-BBCC-A9E98612F4E1}.Release|Any CPU.ActiveCfg = Release|Any CPU
		{0F7E111D-3803-4C72-BBCC-A9E98612F4E1}.Release|Any CPU.Build.0 = Release|Any CPU
		{0F7E111D-3803-4C72-BBCC-A9E98612F4E1}.TestRytn|Any CPU.ActiveCfg = Release|Any CPU
		{0F7E111D-3803-4C72-BBCC-A9E98612F4E1}.TestRytn|Any CPU.Build.0 = Release|Any CPU
		{AA74C4DD-2F79-4326-BE80-D126871ACA12}.Debug|Any CPU.ActiveCfg = Debug|Any CPU
		{AA74C4DD-2F79-4326-BE80-D126871ACA12}.Debug|Any CPU.Build.0 = Debug|Any CPU
		{AA74C4DD-2F79-4326-BE80-D126871ACA12}.PreProRytn|Any CPU.ActiveCfg = PreProRytn|Any CPU
		{AA74C4DD-2F79-4326-BE80-D126871ACA12}.PreProRytn|Any CPU.Build.0 = PreProRytn|Any CPU
		{AA74C4DD-2F79-4326-BE80-D126871ACA12}.Release|Any CPU.ActiveCfg = Release|Any CPU
		{AA74C4DD-2F79-4326-BE80-D126871ACA12}.Release|Any CPU.Build.0 = Release|Any CPU
		{AA74C4DD-2F79-4326-BE80-D126871ACA12}.TestRytn|Any CPU.ActiveCfg = TestRytn|Any CPU
		{AA74C4DD-2F79-4326-BE80-D126871ACA12}.TestRytn|Any CPU.Build.0 = TestRytn|Any CPU
		{56709464-10F3-4C3D-81C8-D7B1C3023183}.Debug|Any CPU.ActiveCfg = Debug|Any CPU
		{56709464-10F3-4C3D-81C8-D7B1C3023183}.Debug|Any CPU.Build.0 = Debug|Any CPU
		{56709464-10F3-4C3D-81C8-D7B1C3023183}.PreProRytn|Any CPU.ActiveCfg = PreProRytn|Any CPU
		{56709464-10F3-4C3D-81C8-D7B1C3023183}.PreProRytn|Any CPU.Build.0 = PreProRytn|Any CPU
		{56709464-10F3-4C3D-81C8-D7B1C3023183}.Release|Any CPU.ActiveCfg = Release|Any CPU
		{56709464-10F3-4C3D-81C8-D7B1C3023183}.Release|Any CPU.Build.0 = Release|Any CPU
		{56709464-10F3-4C3D-81C8-D7B1C3023183}.TestRytn|Any CPU.ActiveCfg = TestRytn|Any CPU
		{56709464-10F3-4C3D-81C8-D7B1C3023183}.TestRytn|Any CPU.Build.0 = TestRytn|Any CPU
		{4BA0C8D0-4877-4AE6-B222-D52026000B59}.Debug|Any CPU.ActiveCfg = Debug|Any CPU
		{4BA0C8D0-4877-4AE6-B222-D52026000B59}.Debug|Any CPU.Build.0 = Debug|Any CPU
		{4BA0C8D0-4877-4AE6-B222-D52026000B59}.PreProRytn|Any CPU.ActiveCfg = PreProRytn|Any CPU
		{4BA0C8D0-4877-4AE6-B222-D52026000B59}.PreProRytn|Any CPU.Build.0 = PreProRytn|Any CPU
		{4BA0C8D0-4877-4AE6-B222-D52026000B59}.Release|Any CPU.ActiveCfg = Release|Any CPU
		{4BA0C8D0-4877-4AE6-B222-D52026000B59}.Release|Any CPU.Build.0 = Release|Any CPU
		{4BA0C8D0-4877-4AE6-B222-D52026000B59}.TestRytn|Any CPU.ActiveCfg = TestRytn|Any CPU
		{4BA0C8D0-4877-4AE6-B222-D52026000B59}.TestRytn|Any CPU.Build.0 = TestRytn|Any CPU
		{7B2A824E-461E-4CDC-A6FC-749D6650EA58}.Debug|Any CPU.ActiveCfg = Debug|Any CPU
		{7B2A824E-461E-4CDC-A6FC-749D6650EA58}.Debug|Any CPU.Build.0 = Debug|Any CPU
		{7B2A824E-461E-4CDC-A6FC-749D6650EA58}.PreProRytn|Any CPU.ActiveCfg = PreProRytn|Any CPU
		{7B2A824E-461E-4CDC-A6FC-749D6650EA58}.PreProRytn|Any CPU.Build.0 = PreProRytn|Any CPU
		{7B2A824E-461E-4CDC-A6FC-749D6650EA58}.Release|Any CPU.ActiveCfg = Release|Any CPU
		{7B2A824E-461E-4CDC-A6FC-749D6650EA58}.Release|Any CPU.Build.0 = Release|Any CPU
		{7B2A824E-461E-4CDC-A6FC-749D6650EA58}.TestRytn|Any CPU.ActiveCfg = TestRytn|Any CPU
		{7B2A824E-461E-4CDC-A6FC-749D6650EA58}.TestRytn|Any CPU.Build.0 = TestRytn|Any CPU
		{A9A71371-1BE0-4E12-A6EF-4A5F5B4E490F}.Debug|Any CPU.ActiveCfg = Debug|Any CPU
		{A9A71371-1BE0-4E12-A6EF-4A5F5B4E490F}.Debug|Any CPU.Build.0 = Debug|Any CPU
		{A9A71371-1BE0-4E12-A6EF-4A5F5B4E490F}.PreProRytn|Any CPU.ActiveCfg = PreProRytn|Any CPU
		{A9A71371-1BE0-4E12-A6EF-4A5F5B4E490F}.PreProRytn|Any CPU.Build.0 = PreProRytn|Any CPU
		{A9A71371-1BE0-4E12-A6EF-4A5F5B4E490F}.Release|Any CPU.ActiveCfg = Release|Any CPU
		{A9A71371-1BE0-4E12-A6EF-4A5F5B4E490F}.Release|Any CPU.Build.0 = Release|Any CPU
		{A9A71371-1BE0-4E12-A6EF-4A5F5B4E490F}.TestRytn|Any CPU.ActiveCfg = TestRytn|Any CPU
		{A9A71371-1BE0-4E12-A6EF-4A5F5B4E490F}.TestRytn|Any CPU.Build.0 = TestRytn|Any CPU
		{C2A0004B-78FC-4824-BBA4-253C8C014D83}.Debug|Any CPU.ActiveCfg = Debug|Any CPU
		{C2A0004B-78FC-4824-BBA4-253C8C014D83}.Debug|Any CPU.Build.0 = Debug|Any CPU
		{C2A0004B-78FC-4824-BBA4-253C8C014D83}.PreProRytn|Any CPU.ActiveCfg = PreProRytn|Any CPU
		{C2A0004B-78FC-4824-BBA4-253C8C014D83}.PreProRytn|Any CPU.Build.0 = PreProRytn|Any CPU
		{C2A0004B-78FC-4824-BBA4-253C8C014D83}.Release|Any CPU.ActiveCfg = Release|Any CPU
		{C2A0004B-78FC-4824-BBA4-253C8C014D83}.Release|Any CPU.Build.0 = Release|Any CPU
		{C2A0004B-78FC-4824-BBA4-253C8C014D83}.TestRytn|Any CPU.ActiveCfg = TestRytn|Any CPU
		{C2A0004B-78FC-4824-BBA4-253C8C014D83}.TestRytn|Any CPU.Build.0 = TestRytn|Any CPU
		{5A7FF3AD-CDB8-4275-BA02-330E4376CCEC}.Debug|Any CPU.ActiveCfg = Debug|Any CPU
		{5A7FF3AD-CDB8-4275-BA02-330E4376CCEC}.Debug|Any CPU.Build.0 = Debug|Any CPU
		{5A7FF3AD-CDB8-4275-BA02-330E4376CCEC}.PreProRytn|Any CPU.ActiveCfg = PreProRytn|Any CPU
		{5A7FF3AD-CDB8-4275-BA02-330E4376CCEC}.PreProRytn|Any CPU.Build.0 = PreProRytn|Any CPU
		{5A7FF3AD-CDB8-4275-BA02-330E4376CCEC}.Release|Any CPU.ActiveCfg = Release|Any CPU
		{5A7FF3AD-CDB8-4275-BA02-330E4376CCEC}.Release|Any CPU.Build.0 = Release|Any CPU
		{5A7FF3AD-CDB8-4275-BA02-330E4376CCEC}.TestRytn|Any CPU.ActiveCfg = TestRytn|Any CPU
		{5A7FF3AD-CDB8-4275-BA02-330E4376CCEC}.TestRytn|Any CPU.Build.0 = TestRytn|Any CPU
		{D75D4C06-C13C-419C-B2D8-2466F357201D}.Debug|Any CPU.ActiveCfg = Debug|Any CPU
		{D75D4C06-C13C-419C-B2D8-2466F357201D}.Debug|Any CPU.Build.0 = Debug|Any CPU
		{D75D4C06-C13C-419C-B2D8-2466F357201D}.PreProRytn|Any CPU.ActiveCfg = PreProRytn|Any CPU
		{D75D4C06-C13C-419C-B2D8-2466F357201D}.PreProRytn|Any CPU.Build.0 = PreProRytn|Any CPU
		{D75D4C06-C13C-419C-B2D8-2466F357201D}.Release|Any CPU.ActiveCfg = Release|Any CPU
		{D75D4C06-C13C-419C-B2D8-2466F357201D}.Release|Any CPU.Build.0 = Release|Any CPU
		{D75D4C06-C13C-419C-B2D8-2466F357201D}.TestRytn|Any CPU.ActiveCfg = TestRytn|Any CPU
		{D75D4C06-C13C-419C-B2D8-2466F357201D}.TestRytn|Any CPU.Build.0 = TestRytn|Any CPU
		{B090EBE0-6CA6-453F-B176-935F68340B80}.Debug|Any CPU.ActiveCfg = Debug|Any CPU
		{B090EBE0-6CA6-453F-B176-935F68340B80}.Debug|Any CPU.Build.0 = Debug|Any CPU
		{B090EBE0-6CA6-453F-B176-935F68340B80}.PreProRytn|Any CPU.ActiveCfg = PreProRytn|Any CPU
		{B090EBE0-6CA6-453F-B176-935F68340B80}.PreProRytn|Any CPU.Build.0 = PreProRytn|Any CPU
		{B090EBE0-6CA6-453F-B176-935F68340B80}.Release|Any CPU.ActiveCfg = Release|Any CPU
		{B090EBE0-6CA6-453F-B176-935F68340B80}.Release|Any CPU.Build.0 = Release|Any CPU
		{B090EBE0-6CA6-453F-B176-935F68340B80}.TestRytn|Any CPU.ActiveCfg = TestRytn|Any CPU
		{B090EBE0-6CA6-453F-B176-935F68340B80}.TestRytn|Any CPU.Build.0 = TestRytn|Any CPU
		{C311C9B9-F9FA-4437-A798-EC11AC528DFC}.Debug|Any CPU.ActiveCfg = Debug|Any CPU
		{C311C9B9-F9FA-4437-A798-EC11AC528DFC}.Debug|Any CPU.Build.0 = Debug|Any CPU
		{C311C9B9-F9FA-4437-A798-EC11AC528DFC}.PreProRytn|Any CPU.ActiveCfg = PreProRytn|Any CPU
		{C311C9B9-F9FA-4437-A798-EC11AC528DFC}.PreProRytn|Any CPU.Build.0 = PreProRytn|Any CPU
		{C311C9B9-F9FA-4437-A798-EC11AC528DFC}.Release|Any CPU.ActiveCfg = Release|Any CPU
		{C311C9B9-F9FA-4437-A798-EC11AC528DFC}.Release|Any CPU.Build.0 = Release|Any CPU
		{C311C9B9-F9FA-4437-A798-EC11AC528DFC}.TestRytn|Any CPU.ActiveCfg = TestRytn|Any CPU
		{C311C9B9-F9FA-4437-A798-EC11AC528DFC}.TestRytn|Any CPU.Build.0 = TestRytn|Any CPU
		{2898B1F7-77B0-420E-8A11-BEC96322511E}.Debug|Any CPU.ActiveCfg = Debug|Any CPU
		{2898B1F7-77B0-420E-8A11-BEC96322511E}.Debug|Any CPU.Build.0 = Debug|Any CPU
		{2898B1F7-77B0-420E-8A11-BEC96322511E}.PreProRytn|Any CPU.ActiveCfg = PreProRytn|Any CPU
		{2898B1F7-77B0-420E-8A11-BEC96322511E}.PreProRytn|Any CPU.Build.0 = PreProRytn|Any CPU
		{2898B1F7-77B0-420E-8A11-BEC96322511E}.Release|Any CPU.ActiveCfg = Release|Any CPU
		{2898B1F7-77B0-420E-8A11-BEC96322511E}.Release|Any CPU.Build.0 = Release|Any CPU
		{2898B1F7-77B0-420E-8A11-BEC96322511E}.TestRytn|Any CPU.ActiveCfg = TestRytn|Any CPU
		{2898B1F7-77B0-420E-8A11-BEC96322511E}.TestRytn|Any CPU.Build.0 = TestRytn|Any CPU
		{264BCCF5-5ECF-4AAA-9ED3-74B7CE4D8AC3}.Debug|Any CPU.ActiveCfg = Debug|Any CPU
		{264BCCF5-5ECF-4AAA-9ED3-74B7CE4D8AC3}.Debug|Any CPU.Build.0 = Debug|Any CPU
		{264BCCF5-5ECF-4AAA-9ED3-74B7CE4D8AC3}.PreProRytn|Any CPU.ActiveCfg = PreProRytn|Any CPU
		{264BCCF5-5ECF-4AAA-9ED3-74B7CE4D8AC3}.PreProRytn|Any CPU.Build.0 = PreProRytn|Any CPU
		{264BCCF5-5ECF-4AAA-9ED3-74B7CE4D8AC3}.Release|Any CPU.ActiveCfg = Release|Any CPU
		{264BCCF5-5ECF-4AAA-9ED3-74B7CE4D8AC3}.Release|Any CPU.Build.0 = Release|Any CPU
		{264BCCF5-5ECF-4AAA-9ED3-74B7CE4D8AC3}.TestRytn|Any CPU.ActiveCfg = TestRytn|Any CPU
		{264BCCF5-5ECF-4AAA-9ED3-74B7CE4D8AC3}.TestRytn|Any CPU.Build.0 = TestRytn|Any CPU
		{EFC159B6-7BDA-4604-9FFF-BD48FFEE4BB1}.Debug|Any CPU.ActiveCfg = Debug|Any CPU
		{EFC159B6-7BDA-4604-9FFF-BD48FFEE4BB1}.Debug|Any CPU.Build.0 = Debug|Any CPU
		{EFC159B6-7BDA-4604-9FFF-BD48FFEE4BB1}.PreProRytn|Any CPU.ActiveCfg = PreProRytn|Any CPU
		{EFC159B6-7BDA-4604-9FFF-BD48FFEE4BB1}.PreProRytn|Any CPU.Build.0 = PreProRytn|Any CPU
		{EFC159B6-7BDA-4604-9FFF-BD48FFEE4BB1}.Release|Any CPU.ActiveCfg = Release|Any CPU
		{EFC159B6-7BDA-4604-9FFF-BD48FFEE4BB1}.Release|Any CPU.Build.0 = Release|Any CPU
		{EFC159B6-7BDA-4604-9FFF-BD48FFEE4BB1}.TestRytn|Any CPU.ActiveCfg = TestRytn|Any CPU
		{EFC159B6-7BDA-4604-9FFF-BD48FFEE4BB1}.TestRytn|Any CPU.Build.0 = TestRytn|Any CPU
		{4F7A4BB0-3E66-487D-B913-812F0509D226}.Debug|Any CPU.ActiveCfg = Debug|Any CPU
		{4F7A4BB0-3E66-487D-B913-812F0509D226}.Debug|Any CPU.Build.0 = Debug|Any CPU
		{4F7A4BB0-3E66-487D-B913-812F0509D226}.PreProRytn|Any CPU.ActiveCfg = PreProRytn|Any CPU
		{4F7A4BB0-3E66-487D-B913-812F0509D226}.PreProRytn|Any CPU.Build.0 = PreProRytn|Any CPU
		{4F7A4BB0-3E66-487D-B913-812F0509D226}.Release|Any CPU.ActiveCfg = Release|Any CPU
		{4F7A4BB0-3E66-487D-B913-812F0509D226}.Release|Any CPU.Build.0 = Release|Any CPU
		{4F7A4BB0-3E66-487D-B913-812F0509D226}.TestRytn|Any CPU.ActiveCfg = TestRytn|Any CPU
		{4F7A4BB0-3E66-487D-B913-812F0509D226}.TestRytn|Any CPU.Build.0 = TestRytn|Any CPU
		{BC3A6214-0973-4A13-8297-2A03A887602A}.Debug|Any CPU.ActiveCfg = Debug|Any CPU
		{BC3A6214-0973-4A13-8297-2A03A887602A}.Debug|Any CPU.Build.0 = Debug|Any CPU
		{BC3A6214-0973-4A13-8297-2A03A887602A}.PreProRytn|Any CPU.ActiveCfg = PreProRytn|Any CPU
		{BC3A6214-0973-4A13-8297-2A03A887602A}.PreProRytn|Any CPU.Build.0 = PreProRytn|Any CPU
		{BC3A6214-0973-4A13-8297-2A03A887602A}.Release|Any CPU.ActiveCfg = Release|Any CPU
		{BC3A6214-0973-4A13-8297-2A03A887602A}.Release|Any CPU.Build.0 = Release|Any CPU
		{BC3A6214-0973-4A13-8297-2A03A887602A}.TestRytn|Any CPU.ActiveCfg = TestRytn|Any CPU
		{BC3A6214-0973-4A13-8297-2A03A887602A}.TestRytn|Any CPU.Build.0 = TestRytn|Any CPU
		{F0F88933-FB06-45A3-91CE-A70FE9A0D48D}.Debug|Any CPU.ActiveCfg = Debug|Any CPU
		{F0F88933-FB06-45A3-91CE-A70FE9A0D48D}.Debug|Any CPU.Build.0 = Debug|Any CPU
		{F0F88933-FB06-45A3-91CE-A70FE9A0D48D}.PreProRytn|Any CPU.ActiveCfg = Release|Any CPU
		{F0F88933-FB06-45A3-91CE-A70FE9A0D48D}.PreProRytn|Any CPU.Build.0 = Release|Any CPU
		{F0F88933-FB06-45A3-91CE-A70FE9A0D48D}.Release|Any CPU.ActiveCfg = Release|Any CPU
		{F0F88933-FB06-45A3-91CE-A70FE9A0D48D}.Release|Any CPU.Build.0 = Release|Any CPU
		{F0F88933-FB06-45A3-91CE-A70FE9A0D48D}.TestRytn|Any CPU.ActiveCfg = Release|Any CPU
		{F0F88933-FB06-45A3-91CE-A70FE9A0D48D}.TestRytn|Any CPU.Build.0 = Release|Any CPU
		{767EDC08-9332-4AD3-B38D-438C34584561}.Debug|Any CPU.ActiveCfg = Debug|Any CPU
		{767EDC08-9332-4AD3-B38D-438C34584561}.Debug|Any CPU.Build.0 = Debug|Any CPU
		{767EDC08-9332-4AD3-B38D-438C34584561}.PreProRytn|Any CPU.ActiveCfg = Release|Any CPU
		{767EDC08-9332-4AD3-B38D-438C34584561}.PreProRytn|Any CPU.Build.0 = Release|Any CPU
		{767EDC08-9332-4AD3-B38D-438C34584561}.Release|Any CPU.ActiveCfg = Release|Any CPU
		{767EDC08-9332-4AD3-B38D-438C34584561}.Release|Any CPU.Build.0 = Release|Any CPU
		{767EDC08-9332-4AD3-B38D-438C34584561}.TestRytn|Any CPU.ActiveCfg = Release|Any CPU
		{767EDC08-9332-4AD3-B38D-438C34584561}.TestRytn|Any CPU.Build.0 = Release|Any CPU
		{4135B056-A5AE-454B-9784-8C2D5FD6F64F}.Debug|Any CPU.ActiveCfg = Debug|Any CPU
		{4135B056-A5AE-454B-9784-8C2D5FD6F64F}.Debug|Any CPU.Build.0 = Debug|Any CPU
		{4135B056-A5AE-454B-9784-8C2D5FD6F64F}.PreProRytn|Any CPU.ActiveCfg = Release|Any CPU
		{4135B056-A5AE-454B-9784-8C2D5FD6F64F}.PreProRytn|Any CPU.Build.0 = Release|Any CPU
		{4135B056-A5AE-454B-9784-8C2D5FD6F64F}.Release|Any CPU.ActiveCfg = Release|Any CPU
		{4135B056-A5AE-454B-9784-8C2D5FD6F64F}.Release|Any CPU.Build.0 = Release|Any CPU
		{4135B056-A5AE-454B-9784-8C2D5FD6F64F}.TestRytn|Any CPU.ActiveCfg = Release|Any CPU
		{4135B056-A5AE-454B-9784-8C2D5FD6F64F}.TestRytn|Any CPU.Build.0 = Release|Any CPU
		{1EDC2E9A-C31A-4271-B9F5-6F3073D574B8}.Debug|Any CPU.ActiveCfg = Debug|Any CPU
		{1EDC2E9A-C31A-4271-B9F5-6F3073D574B8}.Debug|Any CPU.Build.0 = Debug|Any CPU
		{1EDC2E9A-C31A-4271-B9F5-6F3073D574B8}.PreProRytn|Any CPU.ActiveCfg = Release|Any CPU
		{1EDC2E9A-C31A-4271-B9F5-6F3073D574B8}.PreProRytn|Any CPU.Build.0 = Release|Any CPU
		{1EDC2E9A-C31A-4271-B9F5-6F3073D574B8}.Release|Any CPU.ActiveCfg = Release|Any CPU
		{1EDC2E9A-C31A-4271-B9F5-6F3073D574B8}.Release|Any CPU.Build.0 = Release|Any CPU
		{1EDC2E9A-C31A-4271-B9F5-6F3073D574B8}.TestRytn|Any CPU.ActiveCfg = Release|Any CPU
		{1EDC2E9A-C31A-4271-B9F5-6F3073D574B8}.TestRytn|Any CPU.Build.0 = Release|Any CPU
		{9A5DE870-DFC9-4ED9-96FD-D6F45D19A831}.Debug|Any CPU.ActiveCfg = Debug|Any CPU
		{9A5DE870-DFC9-4ED9-96FD-D6F45D19A831}.Debug|Any CPU.Build.0 = Debug|Any CPU
		{9A5DE870-DFC9-4ED9-96FD-D6F45D19A831}.PreProRytn|Any CPU.ActiveCfg = Release|Any CPU
		{9A5DE870-DFC9-4ED9-96FD-D6F45D19A831}.PreProRytn|Any CPU.Build.0 = Release|Any CPU
		{9A5DE870-DFC9-4ED9-96FD-D6F45D19A831}.Release|Any CPU.ActiveCfg = Release|Any CPU
		{9A5DE870-DFC9-4ED9-96FD-D6F45D19A831}.Release|Any CPU.Build.0 = Release|Any CPU
		{9A5DE870-DFC9-4ED9-96FD-D6F45D19A831}.TestRytn|Any CPU.ActiveCfg = Release|Any CPU
		{9A5DE870-DFC9-4ED9-96FD-D6F45D19A831}.TestRytn|Any CPU.Build.0 = Release|Any CPU
		{BC9ADB7E-CAE6-42CB-B918-9D8E8A195818}.Debug|Any CPU.ActiveCfg = Debug|Any CPU
		{BC9ADB7E-CAE6-42CB-B918-9D8E8A195818}.Debug|Any CPU.Build.0 = Debug|Any CPU
		{BC9ADB7E-CAE6-42CB-B918-9D8E8A195818}.PreProRytn|Any CPU.ActiveCfg = Debug|Any CPU
		{BC9ADB7E-CAE6-42CB-B918-9D8E8A195818}.PreProRytn|Any CPU.Build.0 = Debug|Any CPU
		{BC9ADB7E-CAE6-42CB-B918-9D8E8A195818}.Release|Any CPU.ActiveCfg = Release|Any CPU
		{BC9ADB7E-CAE6-42CB-B918-9D8E8A195818}.Release|Any CPU.Build.0 = Release|Any CPU
		{BC9ADB7E-CAE6-42CB-B918-9D8E8A195818}.TestRytn|Any CPU.ActiveCfg = Debug|Any CPU
		{BC9ADB7E-CAE6-42CB-B918-9D8E8A195818}.TestRytn|Any CPU.Build.0 = Debug|Any CPU
	EndGlobalSection
	GlobalSection(SolutionProperties) = preSolution
		HideSolutionNode = FALSE
	EndGlobalSection
	GlobalSection(NestedProjects) = preSolution
		{AA74C4DD-2F79-4326-BE80-D126871ACA12} = {24B96B1E-855A-4026-B8C1-5BFD508F74C8}
		{56709464-10F3-4C3D-81C8-D7B1C3023183} = {24B96B1E-855A-4026-B8C1-5BFD508F74C8}
		{4BA0C8D0-4877-4AE6-B222-D52026000B59} = {24B96B1E-855A-4026-B8C1-5BFD508F74C8}
		{7B2A824E-461E-4CDC-A6FC-749D6650EA58} = {24B96B1E-855A-4026-B8C1-5BFD508F74C8}
		{A9A71371-1BE0-4E12-A6EF-4A5F5B4E490F} = {24B96B1E-855A-4026-B8C1-5BFD508F74C8}
		{C2A0004B-78FC-4824-BBA4-253C8C014D83} = {24B96B1E-855A-4026-B8C1-5BFD508F74C8}
		{5A7FF3AD-CDB8-4275-BA02-330E4376CCEC} = {24B96B1E-855A-4026-B8C1-5BFD508F74C8}
		{D75D4C06-C13C-419C-B2D8-2466F357201D} = {24B96B1E-855A-4026-B8C1-5BFD508F74C8}
		{B090EBE0-6CA6-453F-B176-935F68340B80} = {24B96B1E-855A-4026-B8C1-5BFD508F74C8}
		{C311C9B9-F9FA-4437-A798-EC11AC528DFC} = {24B96B1E-855A-4026-B8C1-5BFD508F74C8}
		{2898B1F7-77B0-420E-8A11-BEC96322511E} = {24B96B1E-855A-4026-B8C1-5BFD508F74C8}
		{264BCCF5-5ECF-4AAA-9ED3-74B7CE4D8AC3} = {24B96B1E-855A-4026-B8C1-5BFD508F74C8}
		{EFC159B6-7BDA-4604-9FFF-BD48FFEE4BB1} = {24B96B1E-855A-4026-B8C1-5BFD508F74C8}
		{4F7A4BB0-3E66-487D-B913-812F0509D226} = {24B96B1E-855A-4026-B8C1-5BFD508F74C8}
		{BC3A6214-0973-4A13-8297-2A03A887602A} = {24B96B1E-855A-4026-B8C1-5BFD508F74C8}
		{F0F88933-FB06-45A3-91CE-A70FE9A0D48D} = {24B96B1E-855A-4026-B8C1-5BFD508F74C8}
		{767EDC08-9332-4AD3-B38D-438C34584561} = {BAE0461F-F1ED-4BEA-AEA7-0FC403FBC484}
		{4135B056-A5AE-454B-9784-8C2D5FD6F64F} = {24B96B1E-855A-4026-B8C1-5BFD508F74C8}
		{1EDC2E9A-C31A-4271-B9F5-6F3073D574B8} = {24B96B1E-855A-4026-B8C1-5BFD508F74C8}
		{9A5DE870-DFC9-4ED9-96FD-D6F45D19A831} = {BAE0461F-F1ED-4BEA-AEA7-0FC403FBC484}
		{BC9ADB7E-CAE6-42CB-B918-9D8E8A195818} = {24B96B1E-855A-4026-B8C1-5BFD508F74C8}
	EndGlobalSection
	GlobalSection(ExtensibilityGlobals) = postSolution
		SolutionGuid = {B9507C17-CE90-4AA9-8AE5-80C4D1D70A50}
	EndGlobalSection
EndGlobal
